
Microsoft Visual Studio Solution File, Format Version 12.00
# Visual Studio 15
VisualStudioVersion = 15.0.28307.271
MinimumVisualStudioVersion = 10.0.40219.1
Project("{8BC9CEB8-8B4A-11D0-8D11-00A0C91BC942}") = "NFA", "NFA\NFA.vcxproj", "{AFCD5E35-BCEB-4B0A-9DB1-C1524F676B27}"
EndProject
Global
	GlobalSection(SolutionConfigurationPlatforms) = preSolution
		Debug|ARM = Debug|ARM
		Debug|ARM64 = Debug|ARM64
		Debug|x64 = Debug|x64
		Debug|x86 = Debug|x86
		Release|ARM = Release|ARM
		Release|ARM64 = Release|ARM64
		Release|x64 = Release|x64
		Release|x86 = Release|x86
	EndGlobalSection
	GlobalSection(ProjectConfigurationPlatforms) = postSolution
		{AFCD5E35-BCEB-4B0A-9DB1-C1524F676B27}.Debug|ARM.ActiveCfg = Debug|ARM
		{AFCD5E35-BCEB-4B0A-9DB1-C1524F676B27}.Debug|ARM.Build.0 = Debug|ARM
		{AFCD5E35-BCEB-4B0A-9DB1-C1524F676B27}.Debug|ARM64.ActiveCfg = Debug|ARM64
		{AFCD5E35-BCEB-4B0A-9DB1-C1524F676B27}.Debug|ARM64.Build.0 = Debug|ARM64
		{AFCD5E35-BCEB-4B0A-9DB1-C1524F676B27}.Debug|x64.ActiveCfg = Debug|x64
		{AFCD5E35-BCEB-4B0A-9DB1-C1524F676B27}.Debug|x64.Build.0 = Debug|x64
		{AFCD5E35-BCEB-4B0A-9DB1-C1524F676B27}.Debug|x86.ActiveCfg = Debug|x86
		{AFCD5E35-BCEB-4B0A-9DB1-C1524F676B27}.Debug|x86.Build.0 = Debug|x86
		{AFCD5E35-BCEB-4B0A-9DB1-C1524F676B27}.Release|ARM.ActiveCfg = Release|ARM
		{AFCD5E35-BCEB-4B0A-9DB1-C1524F676B27}.Release|ARM.Build.0 = Release|ARM
		{AFCD5E35-BCEB-4B0A-9DB1-C1524F676B27}.Release|ARM64.ActiveCfg = Release|ARM64
		{AFCD5E35-BCEB-4B0A-9DB1-C1524F676B27}.Release|ARM64.Build.0 = Release|ARM64
		{AFCD5E35-BCEB-4B0A-9DB1-C1524F676B27}.Release|x64.ActiveCfg = Release|x64
		{AFCD5E35-BCEB-4B0A-9DB1-C1524F676B27}.Release|x64.Build.0 = Release|x64
		{AFCD5E35-BCEB-4B0A-9DB1-C1524F676B27}.Release|x86.ActiveCfg = Release|x86
		{AFCD5E35-BCEB-4B0A-9DB1-C1524F676B27}.Release|x86.Build.0 = Release|x86
	EndGlobalSection
	GlobalSection(SolutionProperties) = preSolution
		HideSolutionNode = FALSE
	EndGlobalSection
	GlobalSection(ExtensibilityGlobals) = postSolution
		SolutionGuid = {8E0240A1-D794-46B9-8025-0A5EB2D7EF83}
	EndGlobalSection
EndGlobal
